
Microsoft Visual Studio Solution File, Format Version 12.00
# Visual Studio 15
VisualStudioVersion = 15.0.28307.102
MinimumVisualStudioVersion = 10.0.40219.1
Project("{9A19103F-16F7-4668-BE54-9A1E7A4F7556}") = "AspNetCoreScraper", "AspNetCoreScraper.csproj", "{EA86C52D-FF2B-4605-AE3C-315208343EDE}"
EndProject
Global
	GlobalSection(SolutionConfigurationPlatforms) = preSolution
		Debug|Any CPU = Debug|Any CPU
		Release|Any CPU = Release|Any CPU
	EndGlobalSection
	GlobalSection(ProjectConfigurationPlatforms) = postSolution
		{EA86C52D-FF2B-4605-AE3C-315208343EDE}.Debug|Any CPU.ActiveCfg = Debug|Any CPU
		{EA86C52D-FF2B-4605-AE3C-315208343EDE}.Debug|Any CPU.Build.0 = Debug|Any CPU
		{EA86C52D-FF2B-4605-AE3C-315208343EDE}.Release|Any CPU.ActiveCfg = Release|Any CPU
		{EA86C52D-FF2B-4605-AE3C-315208343EDE}.Release|Any CPU.Build.0 = Release|Any CPU
	EndGlobalSection
	GlobalSection(SolutionProperties) = preSolution
		HideSolutionNode = FALSE
	EndGlobalSection
	GlobalSection(ExtensibilityGlobals) = postSolution
		SolutionGuid = {5D45C5D3-0E5C-43F8-98F2-99302108214A}
	EndGlobalSection
EndGlobal
